// !$*UTF8*$!
{
	archiveVersion = 1;
	classes = {
	};
	objectVersion = 70;
	objects = {

/* Begin PBXBuildFile section */
		9EBEBCE92F5B21B400145F71 /* serif_icon.icon in Resources */ = {isa = PBXBuildFile; fileRef = 9EBEBCE82F5B21B400145F71 /* serif_icon.icon */; };
		A10001010000000000000082 /* AppAuth in Frameworks */ = {isa = PBXBuildFile; productRef = A10090010000000000000001 /* AppAuth */; };
		A10001010000000000000102 /* Sparkle in Frameworks */ = {isa = PBXBuildFile; productRef = A10090010000000000000002 /* Sparkle */; };
		A10001010000000000000200 /* BlossomColorPicker in Frameworks */ = {isa = PBXBuildFile; productRef = A10090010000000000000003 /* BlossomColorPicker */; };
		B10001010000000000000001 /* GmailModelsTests.swift in Sources */ = {isa = PBXBuildFile; fileRef = B10002010000000000000001 /* GmailModelsTests.swift */; };
		B10001010000000000000002 /* EmailModelTests.swift in Sources */ = {isa = PBXBuildFile; fileRef = B10002010000000000000002 /* EmailModelTests.swift */; };
		B10001010000000000000003 /* GmailDataTransformerTests.swift in Sources */ = {isa = PBXBuildFile; fileRef = B10002010000000000000003 /* GmailDataTransformerTests.swift */; };
		B10001010000000000000004 /* StringExtensionsTests.swift in Sources */ = {isa = PBXBuildFile; fileRef = B10002010000000000000004 /* StringExtensionsTests.swift */; };
		B10001010000000000000005 /* ContentExtractorTests.swift in Sources */ = {isa = PBXBuildFile; fileRef = B10002010000000000000005 /* ContentExtractorTests.swift */; };
		B10001010000000000000006 /* TrackerBlockerTests.swift in Sources */ = {isa = PBXBuildFile; fileRef = B10002010000000000000006 /* TrackerBlockerTests.swift */; };
		B10001010000000000000007 /* AppCoordinatorTests.swift in Sources */ = {isa = PBXBuildFile; fileRef = B10002010000000000000007 /* AppCoordinatorTests.swift */; };
		B10001010000000000000008 /* LabelManagementTests.swift in Sources */ = {isa = PBXBuildFile; fileRef = B10002010000000000000008 /* LabelManagementTests.swift */; };
		B10001010000000000000009 /* CPUMonitorTests.swift in Sources */ = {isa = PBXBuildFile; fileRef = B10002010000000000000009 /* CPUMonitorTests.swift */; };
		B1000101000000000000000A /* EmailActionCoordinatorTests.swift in Sources */ = {isa = PBXBuildFile; fileRef = B1000201000000000000000A /* EmailActionCoordinatorTests.swift */; };
		B1000101000000000000000B /* DraftLifecycleTests.swift in Sources */ = {isa = PBXBuildFile; fileRef = B1000201000000000000000B /* DraftLifecycleTests.swift */; };
		C10001010000000000000001 /* EmailTemplate.swift in Sources */ = {isa = PBXBuildFile; fileRef = C10002010000000000000001 /* EmailTemplate.swift */; };
		C10001010000000000000002 /* TemplateStore.swift in Sources */ = {isa = PBXBuildFile; fileRef = C10002010000000000000002 /* TemplateStore.swift */; };
		C10001010000000000000003 /* TemplateListView.swift in Sources */ = {isa = PBXBuildFile; fileRef = C10002010000000000000003 /* TemplateListView.swift */; };
		C10001010000000000000004 /* TemplateEditorView.swift in Sources */ = {isa = PBXBuildFile; fileRef = C10002010000000000000004 /* TemplateEditorView.swift */; };
		C10001010000000000000005 /* TemplatePickerView.swift in Sources */ = {isa = PBXBuildFile; fileRef = C10002010000000000000005 /* TemplatePickerView.swift */; };
/* End PBXBuildFile section */

/* Begin PBXContainerItemProxy section */
		B10005010000000000000003 /* PBXContainerItemProxy */ = {
			isa = PBXContainerItemProxy;
			containerPortal = A10008010000000000000001 /* Project object */;
			proxyType = 1;
			remoteGlobalIDString = A10005010000000000000001;
			remoteInfo = Serif;
		};
/* End PBXContainerItemProxy section */

/* Begin PBXFileReference section */
		9EBEBCE82F5B21B400145F71 /* serif_icon.icon */ = {isa = PBXFileReference; lastKnownFileType = folder.iconcomposer.icon; path = serif_icon.icon; sourceTree = "<group>"; };
		A10002010000000000000099 /* Serif.app */ = {isa = PBXFileReference; explicitFileType = wrapper.application; includeInIndex = 0; path = Serif.app; sourceTree = BUILT_PRODUCTS_DIR; };
		B10002010000000000000001 /* GmailModelsTests.swift */ = {isa = PBXFileReference; lastKnownFileType = sourcecode.swift; path = GmailModelsTests.swift; sourceTree = "<group>"; };
		B10002010000000000000002 /* EmailModelTests.swift */ = {isa = PBXFileReference; lastKnownFileType = sourcecode.swift; path = EmailModelTests.swift; sourceTree = "<group>"; };
		B10002010000000000000003 /* GmailDataTransformerTests.swift */ = {isa = PBXFileReference; lastKnownFileType = sourcecode.swift; path = GmailDataTransformerTests.swift; sourceTree = "<group>"; };
		B10002010000000000000004 /* StringExtensionsTests.swift */ = {isa = PBXFileReference; lastKnownFileType = sourcecode.swift; path = StringExtensionsTests.swift; sourceTree = "<group>"; };
		B10002010000000000000005 /* ContentExtractorTests.swift */ = {isa = PBXFileReference; lastKnownFileType = sourcecode.swift; path = ContentExtractorTests.swift; sourceTree = "<group>"; };
		B10002010000000000000006 /* TrackerBlockerTests.swift */ = {isa = PBXFileReference; lastKnownFileType = sourcecode.swift; path = TrackerBlockerTests.swift; sourceTree = "<group>"; };
		B10002010000000000000007 /* AppCoordinatorTests.swift */ = {isa = PBXFileReference; lastKnownFileType = sourcecode.swift; path = AppCoordinatorTests.swift; sourceTree = "<group>"; };
		B10002010000000000000008 /* LabelManagementTests.swift */ = {isa = PBXFileReference; lastKnownFileType = sourcecode.swift; path = LabelManagementTests.swift; sourceTree = "<group>"; };
		B10002010000000000000009 /* CPUMonitorTests.swift */ = {isa = PBXFileReference; lastKnownFileType = sourcecode.swift; path = CPUMonitorTests.swift; sourceTree = "<group>"; };
		B1000201000000000000000A /* EmailActionCoordinatorTests.swift */ = {isa = PBXFileReference; lastKnownFileType = sourcecode.swift; path = EmailActionCoordinatorTests.swift; sourceTree = "<group>"; };
		B1000201000000000000000B /* DraftLifecycleTests.swift */ = {isa = PBXFileReference; lastKnownFileType = sourcecode.swift; path = DraftLifecycleTests.swift; sourceTree = "<group>"; };
		B10002010000000000000099 /* SerifTests.xctest */ = {isa = PBXFileReference; explicitFileType = wrapper.cfbundle; includeInIndex = 0; path = SerifTests.xctest; sourceTree = BUILT_PRODUCTS_DIR; };
		C10002010000000000000001 /* EmailTemplate.swift */ = {isa = PBXFileReference; lastKnownFileType = sourcecode.swift; path = EmailTemplate.swift; sourceTree = "<group>"; };
		C10002010000000000000002 /* TemplateStore.swift */ = {isa = PBXFileReference; lastKnownFileType = sourcecode.swift; path = TemplateStore.swift; sourceTree = "<group>"; };
		C10002010000000000000003 /* TemplateListView.swift */ = {isa = PBXFileReference; lastKnownFileType = sourcecode.swift; path = TemplateListView.swift; sourceTree = "<group>"; };
		C10002010000000000000004 /* TemplateEditorView.swift */ = {isa = PBXFileReference; lastKnownFileType = sourcecode.swift; path = TemplateEditorView.swift; sourceTree = "<group>"; };
		C10002010000000000000005 /* TemplatePickerView.swift */ = {isa = PBXFileReference; lastKnownFileType = sourcecode.swift; path = TemplatePickerView.swift; sourceTree = "<group>"; };
/* End PBXFileReference section */

/* Begin PBXFileSystemSynchronizedBuildFileExceptionSet section */
		9E160B282F60CC08004784BD /* PBXFileSystemSynchronizedBuildFileExceptionSet */ = {
			isa = PBXFileSystemSynchronizedBuildFileExceptionSet;
			membershipExceptions = (
				Info.plist,
			);
			target = A10005010000000000000001 /* Serif */;
		};
/* End PBXFileSystemSynchronizedBuildFileExceptionSet section */

/* Begin PBXFileSystemSynchronizedRootGroup section */
		9E160AA62F60CC08004784BD /* Serif */ = {isa = PBXFileSystemSynchronizedRootGroup; exceptions = (9E160B282F60CC08004784BD /* PBXFileSystemSynchronizedBuildFileExceptionSet */, ); explicitFileTypes = {}; explicitFolders = (); path = Serif; sourceTree = "<group>"; };
/* End PBXFileSystemSynchronizedRootGroup section */

/* Begin PBXFrameworksBuildPhase section */
		A10003010000000000000001 /* Frameworks */ = {
			isa = PBXFrameworksBuildPhase;
			buildActionMask = 2147483647;
			files = (
				A10001010000000000000082 /* AppAuth in Frameworks */,
				A10001010000000000000102 /* Sparkle in Frameworks */,
				A10001010000000000000200 /* BlossomColorPicker in Frameworks */,
			);
			runOnlyForDeploymentPostprocessing = 0;
		};
		B10003010000000000000001 /* Frameworks */ = {
			isa = PBXFrameworksBuildPhase;
			buildActionMask = 2147483647;
			files = (
			);
			runOnlyForDeploymentPostprocessing = 0;
		};
/* End PBXFrameworksBuildPhase section */

/* Begin PBXGroup section */
		A10004010000000000000001 = {
			isa = PBXGroup;
			children = (
				9E160AA62F60CC08004784BD /* Serif */,
				C10004010000000000000001 /* Models */,
				C10004010000000000000002 /* Services */,
				C10004010000000000000003 /* Views */,
				B10004010000000000000001 /* SerifTests */,
				A10004010000000000000099 /* Products */,
				9EBEBCE82F5B21B400145F71 /* serif_icon.icon */,
			);
			sourceTree = "<group>";
		};
		A10004010000000000000099 /* Products */ = {
			isa = PBXGroup;
			children = (
				A10002010000000000000099 /* Serif.app */,
				B10002010000000000000099 /* SerifTests.xctest */,
			);
			name = Products;
			sourceTree = "<group>";
		};
		B10004010000000000000001 /* SerifTests */ = {
			isa = PBXGroup;
			children = (
				B10002010000000000000001 /* GmailModelsTests.swift */,
				B10002010000000000000002 /* EmailModelTests.swift */,
				B10002010000000000000003 /* GmailDataTransformerTests.swift */,
				B10002010000000000000004 /* StringExtensionsTests.swift */,
				B10002010000000000000005 /* ContentExtractorTests.swift */,
				B10002010000000000000006 /* TrackerBlockerTests.swift */,
				B10002010000000000000007 /* AppCoordinatorTests.swift */,
				B10002010000000000000008 /* LabelManagementTests.swift */,
				B10002010000000000000009 /* CPUMonitorTests.swift */,
				B1000201000000000000000A /* EmailActionCoordinatorTests.swift */,
				B1000201000000000000000B /* DraftLifecycleTests.swift */,
			);
			path = SerifTests;
			sourceTree = "<group>";
		};
		C10004010000000000000001 /* Models */ = {
			isa = PBXGroup;
			children = (
				C10002010000000000000001 /* EmailTemplate.swift */,
			);
			name = Models;
			path = Serif/Models;
			sourceTree = "<group>";
		};
		C10004010000000000000002 /* Services */ = {
			isa = PBXGroup;
			children = (
				C10002010000000000000002 /* TemplateStore.swift */,
			);
			name = Services;
			path = Serif/Services;
			sourceTree = "<group>";
		};
		C10004010000000000000003 /* Views */ = {
			isa = PBXGroup;
			children = (
				C10004010000000000000004 /* Templates */,
				C10004010000000000000005 /* Compose */,
			);
			name = Views;
			path = Serif/Views;
			sourceTree = "<group>";
		};
		C10004010000000000000004 /* Templates */ = {
			isa = PBXGroup;
			children = (
				C10002010000000000000003 /* TemplateListView.swift */,
				C10002010000000000000004 /* TemplateEditorView.swift */,
			);
			path = Templates;
			sourceTree = "<group>";
		};
		C10004010000000000000005 /* Compose */ = {
			isa = PBXGroup;
			children = (
				C10002010000000000000005 /* TemplatePickerView.swift */,
			);
			path = Compose;
			sourceTree = "<group>";
		};
/* End PBXGroup section */

/* Begin PBXNativeTarget section */
		A10005010000000000000001 /* Serif */ = {
			isa = PBXNativeTarget;
			buildConfigurationList = A10007010000000000000001 /* Build configuration list for PBXNativeTarget "Serif" */;
			buildPhases = (
				A10006010000000000000001 /* Sources */,
				A10003010000000000000001 /* Frameworks */,
				A10006010000000000000002 /* Resources */,
			);
			buildRules = (
			);
			dependencies = (
			);
			fileSystemSynchronizedGroups = (
				9E160AA62F60CC08004784BD /* Serif */,
			);
			name = Serif;
			packageProductDependencies = (
				A10090010000000000000001 /* AppAuth */,
				A10090010000000000000002 /* Sparkle */,
				A10090010000000000000003 /* BlossomColorPicker */,
			);
			productName = Serif;
			productReference = A10002010000000000000099 /* Serif.app */;
			productType = "com.apple.product-type.application";
		};
		B10005010000000000000001 /* SerifTests */ = {
			isa = PBXNativeTarget;
			buildConfigurationList = B10007010000000000000001 /* Build configuration list for PBXNativeTarget "SerifTests" */;
			buildPhases = (
				B10006010000000000000001 /* Sources */,
				B10003010000000000000001 /* Frameworks */,
			);
			buildRules = (
			);
			dependencies = (
				B10005010000000000000002 /* PBXTargetDependency */,
			);
			name = SerifTests;
			productName = SerifTests;
			productReference = B10002010000000000000099 /* SerifTests.xctest */;
			productType = "com.apple.product-type.bundle.unit-test";
		};
/* End PBXNativeTarget section */

/* Begin PBXProject section */
		A10008010000000000000001 /* Project object */ = {
			isa = PBXProject;
			attributes = {
				BuildIndependentTargetsInParallel = 1;
				LastSwiftUpdateCheck = 1540;
				LastUpgradeCheck = 2620;
				TargetAttributes = {
					A10005010000000000000001 = {
						CreatedOnToolsVersion = 15.4;
					};
					B10005010000000000000001 = {
						CreatedOnToolsVersion = 15.4;
						TestTargetID = A10005010000000000000001;
					};
				};
			};
			buildConfigurationList = A10007010000000000000002 /* Build configuration list for PBXProject "Serif" */;
			compatibilityVersion = "Xcode 14.0";
			developmentRegion = en;
			hasScannedForEncodings = 0;
			knownRegions = (
				en,
				Base,
			);
			mainGroup = A10004010000000000000001;
			packageReferences = (
				A10091010000000000000001 /* XCRemoteSwiftPackageReference "AppAuth-iOS" */,
				A10091010000000000000002 /* XCRemoteSwiftPackageReference "Sparkle" */,
				A10091010000000000000003 /* XCRemoteSwiftPackageReference "BlossomColorPicker" */,
			);
			productRefGroup = A10004010000000000000099 /* Products */;
			projectDirPath = "";
			projectRoot = "";
			targets = (
				A10005010000000000000001 /* Serif */,
				B10005010000000000000001 /* SerifTests */,
			);
		};
/* End PBXProject section */

/* Begin PBXResourcesBuildPhase section */
		A10006010000000000000002 /* Resources */ = {
			isa = PBXResourcesBuildPhase;
			buildActionMask = 2147483647;
			files = (
				9EBEBCE92F5B21B400145F71 /* serif_icon.icon in Resources */,
			);
			runOnlyForDeploymentPostprocessing = 0;
		};
/* End PBXResourcesBuildPhase section */

/* Begin PBXSourcesBuildPhase section */
		A10006010000000000000001 /* Sources */ = {
			isa = PBXSourcesBuildPhase;
			buildActionMask = 2147483647;
			files = (
				C10001010000000000000001 /* EmailTemplate.swift in Sources */,
				C10001010000000000000002 /* TemplateStore.swift in Sources */,
				C10001010000000000000003 /* TemplateListView.swift in Sources */,
				C10001010000000000000004 /* TemplateEditorView.swift in Sources */,
				C10001010000000000000005 /* TemplatePickerView.swift in Sources */,
			);
			runOnlyForDeploymentPostprocessing = 0;
		};
		B10006010000000000000001 /* Sources */ = {
			isa = PBXSourcesBuildPhase;
			buildActionMask = 2147483647;
			files = (
				B10001010000000000000001 /* GmailModelsTests.swift in Sources */,
				B10001010000000000000002 /* EmailModelTests.swift in Sources */,
				B10001010000000000000003 /* GmailDataTransformerTests.swift in Sources */,
				B10001010000000000000004 /* StringExtensionsTests.swift in Sources */,
				B10001010000000000000005 /* ContentExtractorTests.swift in Sources */,
				B10001010000000000000006 /* TrackerBlockerTests.swift in Sources */,
				B10001010000000000000007 /* AppCoordinatorTests.swift in Sources */,
				B10001010000000000000008 /* LabelManagementTests.swift in Sources */,
				B10001010000000000000009 /* CPUMonitorTests.swift in Sources */,
				B1000101000000000000000A /* EmailActionCoordinatorTests.swift in Sources */,
				B1000101000000000000000B /* DraftLifecycleTests.swift in Sources */,
			);
			runOnlyForDeploymentPostprocessing = 0;
		};
/* End PBXSourcesBuildPhase section */

/* Begin PBXTargetDependency section */
		B10005010000000000000002 /* PBXTargetDependency */ = {
			isa = PBXTargetDependency;
			target = A10005010000000000000001 /* Serif */;
			targetProxy = B10005010000000000000003 /* PBXContainerItemProxy */;
		};
/* End PBXTargetDependency section */

/* Begin XCBuildConfiguration section */
		A10009010000000000000001 /* Debug */ = {
			isa = XCBuildConfiguration;
			buildSettings = {
				ALWAYS_SEARCH_USER_PATHS = NO;
				ASSETCATALOG_COMPILER_GENERATE_SWIFT_ASSET_SYMBOL_EXTENSIONS = YES;
				CLANG_ANALYZER_NONNULL = YES;
				CLANG_ANALYZER_NUMBER_OBJECT_CONVERSION = YES_AGGRESSIVE;
				CLANG_CXX_LANGUAGE_STANDARD = "gnu++20";
				CLANG_ENABLE_MODULES = YES;
				CLANG_ENABLE_OBJC_ARC = YES;
				CLANG_ENABLE_OBJC_WEAK = YES;
				CLANG_WARN_BLOCK_CAPTURE_AUTORELEASING = YES;
				CLANG_WARN_BOOL_CONVERSION = YES;
				CLANG_WARN_COMMA = YES;
				CLANG_WARN_CONSTANT_CONVERSION = YES;
				CLANG_WARN_DEPRECATED_OBJC_IMPLEMENTATIONS = YES;
				CLANG_WARN_DIRECT_OBJC_ISA_USAGE = YES_ERROR;
				CLANG_WARN_DOCUMENTATION_COMMENTS = YES;
				CLANG_WARN_EMPTY_BODY = YES;
				CLANG_WARN_ENUM_CONVERSION = YES;
				CLANG_WARN_INFINITE_RECURSION = YES;
				CLANG_WARN_INT_CONVERSION = YES;
				CLANG_WARN_NON_LITERAL_NULL_CONVERSION = YES;
				CLANG_WARN_OBJC_IMPLICIT_RETAIN_SELF = YES;
				CLANG_WARN_OBJC_LITERAL_CONVERSION = YES;
				CLANG_WARN_OBJC_ROOT_CLASS = YES_ERROR;
				CLANG_WARN_QUOTED_INCLUDE_IN_FRAMEWORK_HEADER = YES;
				CLANG_WARN_RANGE_LOOP_ANALYSIS = YES;
				CLANG_WARN_STRICT_PROTOTYPES = YES;
				CLANG_WARN_SUSPICIOUS_MOVE = YES;
				CLANG_WARN_UNGUARDED_AVAILABILITY = YES_AGGRESSIVE;
				CLANG_WARN_UNREACHABLE_CODE = YES;
				CLANG_WARN__DUPLICATE_METHOD_MATCH = YES;
				COPY_PHASE_STRIP = NO;
				DEAD_CODE_STRIPPING = YES;
				DEBUG_INFORMATION_FORMAT = dwarf;
				ENABLE_STRICT_OBJC_MSGSEND = YES;
				ENABLE_TESTABILITY = YES;
				ENABLE_USER_SCRIPT_SANDBOXING = YES;
				GCC_C_LANGUAGE_STANDARD = gnu17;
				GCC_DYNAMIC_NO_PIC = NO;
				GCC_NO_COMMON_BLOCKS = YES;
				GCC_OPTIMIZATION_LEVEL = 0;
				GCC_PREPROCESSOR_DEFINITIONS = (
					"DEBUG=1",
					"$(inherited)",
				);
				GCC_WARN_64_TO_32_BIT_CONVERSION = YES;
				GCC_WARN_ABOUT_RETURN_TYPE = YES_ERROR;
				GCC_WARN_UNDECLARED_SELECTOR = YES;
				GCC_WARN_UNINITIALIZED_AUTOS = YES_AGGRESSIVE;
				GCC_WARN_UNUSED_FUNCTION = YES;
				GCC_WARN_UNUSED_VARIABLE = YES;
				MACOSX_DEPLOYMENT_TARGET = 14.0;
				MTL_ENABLE_DEBUG_INFO = INCLUDE_SOURCE;
				MTL_FAST_MATH = YES;
				ONLY_ACTIVE_ARCH = YES;
				SDKROOT = macosx;
				STRING_CATALOG_GENERATE_SYMBOLS = YES;
				SWIFT_ACTIVE_COMPILATION_CONDITIONS = "DEBUG $(inherited)";
				SWIFT_OPTIMIZATION_LEVEL = "-Onone";
			};
			name = Debug;
		};
		A10009010000000000000002 /* Release */ = {
			isa = XCBuildConfiguration;
			buildSettings = {
				ALWAYS_SEARCH_USER_PATHS = NO;
				ASSETCATALOG_COMPILER_GENERATE_SWIFT_ASSET_SYMBOL_EXTENSIONS = YES;
				CLANG_ANALYZER_NONNULL = YES;
				CLANG_ANALYZER_NUMBER_OBJECT_CONVERSION = YES_AGGRESSIVE;
				CLANG_CXX_LANGUAGE_STANDARD = "gnu++20";
				CLANG_ENABLE_MODULES = YES;
				CLANG_ENABLE_OBJC_ARC = YES;
				CLANG_ENABLE_OBJC_WEAK = YES;
				CLANG_WARN_BLOCK_CAPTURE_AUTORELEASING = YES;
				CLANG_WARN_BOOL_CONVERSION = YES;
				CLANG_WARN_COMMA = YES;
				CLANG_WARN_CONSTANT_CONVERSION = YES;
				CLANG_WARN_DEPRECATED_OBJC_IMPLEMENTATIONS = YES;
				CLANG_WARN_DIRECT_OBJC_ISA_USAGE = YES_ERROR;
				CLANG_WARN_DOCUMENTATION_COMMENTS = YES;
				CLANG_WARN_EMPTY_BODY = YES;
				CLANG_WARN_ENUM_CONVERSION = YES;
				CLANG_WARN_INFINITE_RECURSION = YES;
				CLANG_WARN_INT_CONVERSION = YES;
				CLANG_WARN_NON_LITERAL_NULL_CONVERSION = YES;
				CLANG_WARN_OBJC_IMPLICIT_RETAIN_SELF = YES;
				CLANG_WARN_OBJC_LITERAL_CONVERSION = YES;
				CLANG_WARN_OBJC_ROOT_CLASS = YES_ERROR;
				CLANG_WARN_QUOTED_INCLUDE_IN_FRAMEWORK_HEADER = YES;
				CLANG_WARN_RANGE_LOOP_ANALYSIS = YES;
				CLANG_WARN_STRICT_PROTOTYPES = YES;
				CLANG_WARN_SUSPICIOUS_MOVE = YES;
				CLANG_WARN_UNGUARDED_AVAILABILITY = YES_AGGRESSIVE;
				CLANG_WARN_UNREACHABLE_CODE = YES;
				CLANG_WARN__DUPLICATE_METHOD_MATCH = YES;
				COPY_PHASE_STRIP = NO;
				DEAD_CODE_STRIPPING = YES;
				DEBUG_INFORMATION_FORMAT = "dwarf-with-dsym";
				ENABLE_NS_ASSERTIONS = NO;
				ENABLE_STRICT_OBJC_MSGSEND = YES;
				ENABLE_USER_SCRIPT_SANDBOXING = YES;
				GCC_C_LANGUAGE_STANDARD = gnu17;
				GCC_NO_COMMON_BLOCKS = YES;
				GCC_WARN_64_TO_32_BIT_CONVERSION = YES;
				GCC_WARN_ABOUT_RETURN_TYPE = YES_ERROR;
				GCC_WARN_UNDECLARED_SELECTOR = YES;
				GCC_WARN_UNINITIALIZED_AUTOS = YES_AGGRESSIVE;
				GCC_WARN_UNUSED_FUNCTION = YES;
				GCC_WARN_UNUSED_VARIABLE = YES;
				MACOSX_DEPLOYMENT_TARGET = 14.0;
				MTL_ENABLE_DEBUG_INFO = NO;
				MTL_FAST_MATH = YES;
				SDKROOT = macosx;
				STRING_CATALOG_GENERATE_SYMBOLS = YES;
				SWIFT_COMPILATION_MODE = wholemodule;
			};
			name = Release;
		};
		A10009010000000000000003 /* Debug */ = {
			isa = XCBuildConfiguration;
			buildSettings = {
				ASSETCATALOG_COMPILER_APPICON_NAME = AppIcon;
				ASSETCATALOG_COMPILER_GLOBAL_ACCENT_COLOR_NAME = AccentColor;
				ASSETCATALOG_COMPILER_INCLUDE_ALL_APPICON_ASSETS = YES;
				CODE_SIGN_ENTITLEMENTS = Serif/Serif.entitlements;
				"CODE_SIGN_IDENTITY[sdk=macosx*]" = "Apple Development";
				CODE_SIGN_STYLE = Automatic;
				COMBINE_HIDPI_IMAGES = YES;
				CURRENT_PROJECT_VERSION = 7;
				DEAD_CODE_STRIPPING = YES;
				DEVELOPMENT_ASSET_PATHS = "";
				DEVELOPMENT_TEAM = QC35MT888M;
				ENABLE_APP_SANDBOX = YES;
				ENABLE_INCOMING_NETWORK_CONNECTIONS = YES;
				ENABLE_OUTGOING_NETWORK_CONNECTIONS = YES;
				ENABLE_PREVIEWS = YES;
				ENABLE_RESOURCE_ACCESS_PRINTING = YES;
				ENABLE_USER_SELECTED_FILES = readwrite;
				GENERATE_INFOPLIST_FILE = YES;
				INFOPLIST_FILE = Serif/Info.plist;
				INFOPLIST_KEY_LSApplicationCategoryType = "public.app-category.productivity";
				INFOPLIST_KEY_NSHumanReadableCopyright = "";
				LD_RUNPATH_SEARCH_PATHS = (
					"$(inherited)",
					"@executable_path/../Frameworks",
				);
				MARKETING_VERSION = 1.1.1;
				PRODUCT_BUNDLE_IDENTIFIER = com.genyus.serif.app;
				PRODUCT_NAME = "$(TARGET_NAME)";
				REGISTER_APP_GROUPS = YES;
				SWIFT_EMIT_LOC_STRINGS = YES;
				SWIFT_VERSION = 5.0;
			};
			name = Debug;
		};
		A10009010000000000000004 /* Release */ = {
			isa = XCBuildConfiguration;
			buildSettings = {
				ASSETCATALOG_COMPILER_APPICON_NAME = AppIcon;
				ASSETCATALOG_COMPILER_GLOBAL_ACCENT_COLOR_NAME = AccentColor;
				ASSETCATALOG_COMPILER_INCLUDE_ALL_APPICON_ASSETS = YES;
				CODE_SIGN_ENTITLEMENTS = Serif/Serif.entitlements;
				"CODE_SIGN_IDENTITY[sdk=macosx*]" = "Apple Development";
				CODE_SIGN_STYLE = Automatic;
				COMBINE_HIDPI_IMAGES = YES;
				CURRENT_PROJECT_VERSION = 7;
				DEAD_CODE_STRIPPING = YES;
				DEVELOPMENT_ASSET_PATHS = "";
				DEVELOPMENT_TEAM = QC35MT888M;
				ENABLE_APP_SANDBOX = YES;
				ENABLE_INCOMING_NETWORK_CONNECTIONS = YES;
				ENABLE_OUTGOING_NETWORK_CONNECTIONS = YES;
				ENABLE_PREVIEWS = YES;
				ENABLE_RESOURCE_ACCESS_PRINTING = YES;
				ENABLE_USER_SELECTED_FILES = readwrite;
				GENERATE_INFOPLIST_FILE = YES;
				INFOPLIST_FILE = Serif/Info.plist;
				INFOPLIST_KEY_LSApplicationCategoryType = "public.app-category.productivity";
				INFOPLIST_KEY_NSHumanReadableCopyright = "";
				LD_RUNPATH_SEARCH_PATHS = (
					"$(inherited)",
					"@executable_path/../Frameworks",
				);
				MARKETING_VERSION = 1.1.1;
				PRODUCT_BUNDLE_IDENTIFIER = com.genyus.serif.app;
				PRODUCT_NAME = "$(TARGET_NAME)";
				REGISTER_APP_GROUPS = YES;
				SWIFT_EMIT_LOC_STRINGS = YES;
				SWIFT_VERSION = 5.0;
			};
			name = Release;
		};
		B10009010000000000000001 /* Debug */ = {
			isa = XCBuildConfiguration;
			buildSettings = {
				BUNDLE_LOADER = "$(TEST_HOST)";
				CODE_SIGN_STYLE = Automatic;
				CURRENT_PROJECT_VERSION = 1;
				DEAD_CODE_STRIPPING = YES;
				GENERATE_INFOPLIST_FILE = YES;
				MACOSX_DEPLOYMENT_TARGET = 14.0;
				MARKETING_VERSION = 1.0;
				PRODUCT_BUNDLE_IDENTIFIER = com.genyus.serif.app.tests;
				PRODUCT_NAME = "$(TARGET_NAME)";
				SWIFT_EMIT_LOC_STRINGS = NO;
				SWIFT_VERSION = 5.0;
				TEST_HOST = "$(BUILT_PRODUCTS_DIR)/Serif.app/$(BUNDLE_EXECUTABLE_FOLDER_PATH)/Serif";
			};
			name = Debug;
		};
		B10009010000000000000002 /* Release */ = {
			isa = XCBuildConfiguration;
			buildSettings = {
				BUNDLE_LOADER = "$(TEST_HOST)";
				CODE_SIGN_STYLE = Automatic;
				CURRENT_PROJECT_VERSION = 1;
				DEAD_CODE_STRIPPING = YES;
				GENERATE_INFOPLIST_FILE = YES;
				MACOSX_DEPLOYMENT_TARGET = 14.0;
				MARKETING_VERSION = 1.0;
				PRODUCT_BUNDLE_IDENTIFIER = com.genyus.serif.app.tests;
				PRODUCT_NAME = "$(TARGET_NAME)";
				SWIFT_EMIT_LOC_STRINGS = NO;
				SWIFT_VERSION = 5.0;
				TEST_HOST = "$(BUILT_PRODUCTS_DIR)/Serif.app/$(BUNDLE_EXECUTABLE_FOLDER_PATH)/Serif";
			};
			name = Release;
		};
/* End XCBuildConfiguration section */

/* Begin XCConfigurationList section */
		A10007010000000000000001 /* Build configuration list for PBXNativeTarget "Serif" */ = {
			isa = XCConfigurationList;
			buildConfigurations = (
				A10009010000000000000003 /* Debug */,
				A10009010000000000000004 /* Release */,
			);
			defaultConfigurationIsVisible = 0;
			defaultConfigurationName = Release;
		};
		A10007010000000000000002 /* Build configuration list for PBXProject "Serif" */ = {
			isa = XCConfigurationList;
			buildConfigurations = (
				A10009010000000000000001 /* Debug */,
				A10009010000000000000002 /* Release */,
			);
			defaultConfigurationIsVisible = 0;
			defaultConfigurationName = Release;
		};
		B10007010000000000000001 /* Build configuration list for PBXNativeTarget "SerifTests" */ = {
			isa = XCConfigurationList;
			buildConfigurations = (
				B10009010000000000000001 /* Debug */,
				B10009010000000000000002 /* Release */,
			);
			defaultConfigurationIsVisible = 0;
			defaultConfigurationName = Release;
		};
/* End XCConfigurationList section */

/* Begin XCRemoteSwiftPackageReference section */
		A10091010000000000000001 /* XCRemoteSwiftPackageReference "AppAuth-iOS" */ = {
			isa = XCRemoteSwiftPackageReference;
			repositoryURL = "https://github.com/openid/AppAuth-iOS";
			requirement = {
				kind = upToNextMajorVersion;
				minimumVersion = 1.7.5;
			};
		};
		A10091010000000000000002 /* XCRemoteSwiftPackageReference "Sparkle" */ = {
			isa = XCRemoteSwiftPackageReference;
			repositoryURL = "https://github.com/sparkle-project/Sparkle";
			requirement = {
				kind = upToNextMajorVersion;
				minimumVersion = 2.6.4;
			};
		};
		A10091010000000000000003 /* XCRemoteSwiftPackageReference "BlossomColorPicker" */ = {
			isa = XCRemoteSwiftPackageReference;
			repositoryURL = "https://github.com/Lakr233/BlossomColorPicker";
			requirement = {
				kind = upToNextMajorVersion;
				minimumVersion = 1.0.0;
			};
		};
/* End XCRemoteSwiftPackageReference section */

/* Begin XCSwiftPackageProductDependency section */
		A10090010000000000000001 /* AppAuth */ = {
			isa = XCSwiftPackageProductDependency;
			package = A10091010000000000000001 /* XCRemoteSwiftPackageReference "AppAuth-iOS" */;
			productName = AppAuth;
		};
		A10090010000000000000002 /* Sparkle */ = {
			isa = XCSwiftPackageProductDependency;
			package = A10091010000000000000002 /* XCRemoteSwiftPackageReference "Sparkle" */;
			productName = Sparkle;
		};
		A10090010000000000000003 /* BlossomColorPicker */ = {
			isa = XCSwiftPackageProductDependency;
			package = A10091010000000000000003 /* XCRemoteSwiftPackageReference "BlossomColorPicker" */;
			productName = BlossomColorPicker;
		};
/* End XCSwiftPackageProductDependency section */
	};
	rootObject = A10008010000000000000001 /* Project object */;
}
