// !$*UTF8*$!
{
	archiveVersion = 1;
	classes = {
	};
	objectVersion = 70;
	objects = {

/* Begin PBXBuildFile section */
		9E94A6C92F70ACF90051E2A7 /* FirebaseFirestore in Frameworks */ = {isa = PBXBuildFile; productRef = 9E94A6C82F70ACF90051E2A7 /* FirebaseFirestore */; };
		9E94A6CB2F70ACF90051E2A7 /* FirebaseMessaging in Frameworks */ = {isa = PBXBuildFile; productRef = 9E94A6CA2F70ACF90051E2A7 /* FirebaseMessaging */; };
		9E94A8FD2F71F8DA0051E2A7 /* SerifNotificationService.appex in Embed Foundation Extensions */ = {isa = PBXBuildFile; fileRef = 9E94A8F62F71F8DA0051E2A7 /* SerifNotificationService.appex */; settings = {ATTRIBUTES = (RemoveHeadersOnCopy, ); }; };
		9EBEBCE92F5B21B400145F71 /* serif_icon.icon in Resources */ = {isa = PBXBuildFile; fileRef = 9EBEBCE82F5B21B400145F71 /* serif_icon.icon */; };
		A10001010000000000000082 /* AppAuth in Frameworks */ = {isa = PBXBuildFile; productRef = A10090010000000000000001 /* AppAuth */; };
		A10001010000000000000102 /* Sparkle in Frameworks */ = {isa = PBXBuildFile; productRef = A10090010000000000000002 /* Sparkle */; };
		A10001010000000000000200 /* BlossomColorPicker in Frameworks */ = {isa = PBXBuildFile; productRef = A10090010000000000000003 /* BlossomColorPicker */; };
		B10001010000000000000001 /* GmailModelsTests.swift in Sources */ = {isa = PBXBuildFile; fileRef = B10002010000000000000001 /* GmailModelsTests.swift */; };
		B10001010000000000000002 /* EmailModelTests.swift in Sources */ = {isa = PBXBuildFile; fileRef = B10002010000000000000002 /* EmailModelTests.swift */; };
		B10001010000000000000003 /* GmailDataTransformerTests.swift in Sources */ = {isa = PBXBuildFile; fileRef = B10002010000000000000003 /* GmailDataTransformerTests.swift */; };
		B10001010000000000000004 /* StringExtensionsTests.swift in Sources */ = {isa = PBXBuildFile; fileRef = B10002010000000000000004 /* StringExtensionsTests.swift */; };
		B10001010000000000000005 /* ContentExtractorTests.swift in Sources */ = {isa = PBXBuildFile; fileRef = B10002010000000000000005 /* ContentExtractorTests.swift */; };
		B10001010000000000000006 /* TrackerBlockerTests.swift in Sources */ = {isa = PBXBuildFile; fileRef = B10002010000000000000006 /* TrackerBlockerTests.swift */; };
		B10001010000000000000007 /* AppCoordinatorTests.swift in Sources */ = {isa = PBXBuildFile; fileRef = B10002010000000000000007 /* AppCoordinatorTests.swift */; };
		B10001010000000000000008 /* LabelManagementTests.swift in Sources */ = {isa = PBXBuildFile; fileRef = B10002010000000000000008 /* LabelManagementTests.swift */; };
		B10001010000000000000009 /* CPUMonitorTests.swift in Sources */ = {isa = PBXBuildFile; fileRef = B10002010000000000000009 /* CPUMonitorTests.swift */; };
		B1000101000000000000000A /* EmailActionCoordinatorTests.swift in Sources */ = {isa = PBXBuildFile; fileRef = B1000201000000000000000A /* EmailActionCoordinatorTests.swift */; };
		B1000101000000000000000B /* DraftLifecycleTests.swift in Sources */ = {isa = PBXBuildFile; fileRef = B1000201000000000000000B /* DraftLifecycleTests.swift */; };
		D10001010000000000000001 /* AppAuth in Frameworks */ = {isa = PBXBuildFile; productRef = D10090010000000000000001 /* AppAuth */; };
		D10001010000000000000002 /* BlossomColorPicker in Frameworks */ = {isa = PBXBuildFile; productRef = D10090010000000000000002 /* BlossomColorPicker */; };
/* End PBXBuildFile section */

/* Begin PBXContainerItemProxy section */
		9E94A8FB2F71F8DA0051E2A7 /* PBXContainerItemProxy */ = {
			isa = PBXContainerItemProxy;
			containerPortal = A10008010000000000000001 /* Project object */;
			proxyType = 1;
			remoteGlobalIDString = 9E94A8F52F71F8DA0051E2A7;
			remoteInfo = SerifNotificationService;
		};
		B10005010000000000000003 /* PBXContainerItemProxy */ = {
			isa = PBXContainerItemProxy;
			containerPortal = A10008010000000000000001 /* Project object */;
			proxyType = 1;
			remoteGlobalIDString = A10005010000000000000001;
			remoteInfo = Serif;
		};
/* End PBXContainerItemProxy section */

/* Begin PBXCopyFilesBuildPhase section */
		9E94A8FE2F71F8DA0051E2A7 /* Embed Foundation Extensions */ = {
			isa = PBXCopyFilesBuildPhase;
			buildActionMask = 2147483647;
			dstPath = "";
			dstSubfolderSpec = 13;
			files = (
				9E94A8FD2F71F8DA0051E2A7 /* SerifNotificationService.appex in Embed Foundation Extensions */,
			);
			name = "Embed Foundation Extensions";
			runOnlyForDeploymentPostprocessing = 0;
		};
/* End PBXCopyFilesBuildPhase section */

/* Begin PBXFileReference section */
		9E94A6D22F70ADA10051E2A7 /* Serif-iOS-Info.plist */ = {isa = PBXFileReference; lastKnownFileType = text.plist; path = "Serif-iOS-Info.plist"; sourceTree = "<group>"; };
		9E94A8F62F71F8DA0051E2A7 /* SerifNotificationService.appex */ = {isa = PBXFileReference; explicitFileType = "wrapper.app-extension"; includeInIndex = 0; path = SerifNotificationService.appex; sourceTree = BUILT_PRODUCTS_DIR; };
		9EBEBCE82F5B21B400145F71 /* serif_icon.icon */ = {isa = PBXFileReference; lastKnownFileType = folder.iconcomposer.icon; path = serif_icon.icon; sourceTree = "<group>"; };
		A10002010000000000000099 /* Serif.app */ = {isa = PBXFileReference; explicitFileType = wrapper.application; includeInIndex = 0; path = Serif.app; sourceTree = BUILT_PRODUCTS_DIR; };
		B10002010000000000000001 /* GmailModelsTests.swift */ = {isa = PBXFileReference; lastKnownFileType = sourcecode.swift; path = GmailModelsTests.swift; sourceTree = "<group>"; };
		B10002010000000000000002 /* EmailModelTests.swift */ = {isa = PBXFileReference; lastKnownFileType = sourcecode.swift; path = EmailModelTests.swift; sourceTree = "<group>"; };
		B10002010000000000000003 /* GmailDataTransformerTests.swift */ = {isa = PBXFileReference; lastKnownFileType = sourcecode.swift; path = GmailDataTransformerTests.swift; sourceTree = "<group>"; };
		B10002010000000000000004 /* StringExtensionsTests.swift */ = {isa = PBXFileReference; lastKnownFileType = sourcecode.swift; path = StringExtensionsTests.swift; sourceTree = "<group>"; };
		B10002010000000000000005 /* ContentExtractorTests.swift */ = {isa = PBXFileReference; lastKnownFileType = sourcecode.swift; path = ContentExtractorTests.swift; sourceTree = "<group>"; };
		B10002010000000000000006 /* TrackerBlockerTests.swift */ = {isa = PBXFileReference; lastKnownFileType = sourcecode.swift; path = TrackerBlockerTests.swift; sourceTree = "<group>"; };
		B10002010000000000000007 /* AppCoordinatorTests.swift */ = {isa = PBXFileReference; lastKnownFileType = sourcecode.swift; path = AppCoordinatorTests.swift; sourceTree = "<group>"; };
		B10002010000000000000008 /* LabelManagementTests.swift */ = {isa = PBXFileReference; lastKnownFileType = sourcecode.swift; path = LabelManagementTests.swift; sourceTree = "<group>"; };
		B10002010000000000000009 /* CPUMonitorTests.swift */ = {isa = PBXFileReference; lastKnownFileType = sourcecode.swift; path = CPUMonitorTests.swift; sourceTree = "<group>"; };
		B1000201000000000000000A /* EmailActionCoordinatorTests.swift */ = {isa = PBXFileReference; lastKnownFileType = sourcecode.swift; path = EmailActionCoordinatorTests.swift; sourceTree = "<group>"; };
		B1000201000000000000000B /* DraftLifecycleTests.swift */ = {isa = PBXFileReference; lastKnownFileType = sourcecode.swift; path = DraftLifecycleTests.swift; sourceTree = "<group>"; };
		B10002010000000000000099 /* SerifTests.xctest */ = {isa = PBXFileReference; explicitFileType = wrapper.cfbundle; includeInIndex = 0; path = SerifTests.xctest; sourceTree = BUILT_PRODUCTS_DIR; };
		D10002010000000000000099 /* Serif iOS.app */ = {isa = PBXFileReference; explicitFileType = wrapper.application; includeInIndex = 0; path = "Serif iOS.app"; sourceTree = BUILT_PRODUCTS_DIR; };
/* End PBXFileReference section */

/* Begin PBXFileSystemSynchronizedBuildFileExceptionSet section */
		9E160B282F60CC08004784BD /* PBXFileSystemSynchronizedBuildFileExceptionSet */ = {
			isa = PBXFileSystemSynchronizedBuildFileExceptionSet;
			membershipExceptions = (
				Info.plist,
				iOS/GoogleCredentialsiOS.swift,
				iOS/iOSContentView.swift,
				iOS/SerifApp.swift,
				iOS/Views/Account/AccountTab.swift,
				iOS/Views/Attachments/iOSAttachmentCardView.swift,
				iOS/Views/Attachments/iOSAttachmentExplorerView.swift,
				iOS/Views/Components/iOSAttachmentPreviewView.swift,
				iOS/Views/Components/iOSComposeView.swift,
				iOS/Views/Components/iOSContactAutocompleteField.swift,
				iOS/Views/Components/iOSEmailDetailView.swift,
				iOS/Views/Components/iOSEmailListView.swift,
				iOS/Views/Components/iOSEmailRow.swift,
				iOS/Views/Components/iOSFormattingToolbar.swift,
				iOS/Views/Components/iOSLabelManagementSheet.swift,
				iOS/Views/Components/iOSQuickReplyView.swift,
				iOS/Views/Components/iOSTemplateViews.swift,
				iOS/Views/Components/iOSThemePickerView.swift,
				iOS/Views/Components/iOSToastOverlay.swift,
				iOS/Views/Components/iOSWebRichTextEditor.swift,
				iOS/Views/Components/iOSWebRichTextEditorCoordinator.swift,
				iOS/Views/Components/iOSWebRichTextEditorRepresentable.swift,
				iOS/Views/iOSOnboardingView.swift,
				iOS/Views/Mail/FoldersTab.swift,
				iOS/Views/Mail/InboxTab.swift,
				iOS/Views/Mail/SearchTab.swift,
				iOS/Views/MainTabView.swift,
				"Resources/iOS/GoogleService-Info.plist",
			);
			target = A10005010000000000000001 /* Serif */;
		};
		9E94A9022F71F8DA0051E2A7 /* PBXFileSystemSynchronizedBuildFileExceptionSet */ = {
			isa = PBXFileSystemSynchronizedBuildFileExceptionSet;
			membershipExceptions = (
				Info.plist,
			);
			target = 9E94A8F52F71F8DA0051E2A7 /* SerifNotificationService */;
		};
		D10003010000000000000001 /* PBXFileSystemSynchronizedBuildFileExceptionSet */ = {
			isa = PBXFileSystemSynchronizedBuildFileExceptionSet;
			membershipExceptions = (
				Common/Services/EmailPrintService.swift,
				Info.plist,
				macOS/ContentView.swift,
				macOS/GoogleCredentials.swift,
				macOS/SerifApp.swift,
				macOS/Support/UpdaterViewModel.swift,
				macOS/Views/Attachments/AttachmentCardView.swift,
				macOS/Views/Attachments/AttachmentExplorerView.swift,
				macOS/Views/Attachments/AttachmentsListView.swift,
				macOS/Views/Common/AccountAvatarBubble.swift,
				macOS/Views/Common/AccountsSettingsView.swift,
				macOS/Views/Common/AvatarView.swift,
				macOS/Views/Common/DebugMenuView.swift,
				macOS/Views/Common/FormattingToolbar.swift,
				macOS/Views/Common/InAppBrowserView.swift,
				macOS/Views/Common/KeyboardShortcutsModifier.swift,
				macOS/Views/Common/SearchBarView.swift,
				macOS/Views/Common/SerifCommands.swift,
				macOS/Views/Common/SettingsCardsView.swift,
				macOS/Views/Common/ShortcutsHelpView.swift,
				macOS/Views/Common/SlidePanel.swift,
				macOS/Views/Common/SlidePanelsOverlay.swift,
				macOS/Views/Common/ThemePickerView.swift,
				macOS/Views/Common/ToastOverlayView.swift,
				macOS/Views/Common/WebRichTextEditor.swift,
				macOS/Views/Common/WebRichTextEditorCoordinator.swift,
				macOS/Views/Common/WebRichTextEditorRepresentable.swift,
				macOS/Views/Components/BadgeView.swift,
				macOS/Views/Components/CardContainer.swift,
				macOS/Views/Components/IconButton.swift,
				macOS/Views/Compose/AutocompleteTextField.swift,
				macOS/Views/Compose/ComposeView.swift,
				macOS/Views/Compose/TemplatePickerView.swift,
				macOS/Views/EmailDetail/AttachmentChipView.swift,
				macOS/Views/EmailDetail/AttachmentPreviewView.swift,
				macOS/Views/EmailDetail/CalendarInviteCardView.swift,
				macOS/Views/EmailDetail/DetailPaneView.swift,
				macOS/Views/EmailDetail/DetailToolbarView.swift,
				macOS/Views/EmailDetail/EmailDetailSkeletonView.swift,
				macOS/Views/EmailDetail/EmailDetailView.swift,
				macOS/Views/EmailDetail/GmailThreadMessageView.swift,
				macOS/Views/EmailDetail/HTMLEmailView.swift,
				macOS/Views/EmailDetail/LabelEditorView.swift,
				macOS/Views/EmailDetail/OriginalMessageView.swift,
				macOS/Views/EmailDetail/ReplyBarView.swift,
				macOS/Views/EmailDetail/SenderInfoPopover.swift,
				macOS/Views/EmailDetail/TrackerBannerView.swift,
				macOS/Views/EmailList/BulkActionBarView.swift,
				macOS/Views/EmailList/EmailContextMenu.swift,
				macOS/Views/EmailList/EmailHoverSummaryView.swift,
				macOS/Views/EmailList/EmailListView.swift,
				macOS/Views/EmailList/EmailRowView.swift,
				macOS/Views/EmailList/EmailSelectionManager.swift,
				macOS/Views/EmailList/ListPaneView.swift,
				macOS/Views/EmailList/PullToRefreshView.swift,
				macOS/Views/EmailList/SwipeableEmailRow.swift,
				macOS/Views/Onboarding/OnboardingView.swift,
				macOS/Views/Settings/SignatureEditorView.swift,
				macOS/Views/Sidebar/AccountSwitcherView.swift,
				macOS/Views/Sidebar/SidebarRowViews.swift,
				macOS/Views/Sidebar/SidebarView.swift,
				macOS/Views/Templates/TemplateEditorView.swift,
				macOS/Views/Templates/TemplateListView.swift,
				"Resources/macOS/GoogleService-Info.plist",
			);
			target = D10005010000000000000001 /* Serif iOS */;
		};
/* End PBXFileSystemSynchronizedBuildFileExceptionSet section */

/* Begin PBXFileSystemSynchronizedRootGroup section */
		9E160AA62F60CC08004784BD /* Serif */ = {isa = PBXFileSystemSynchronizedRootGroup; exceptions = (9E160B282F60CC08004784BD /* PBXFileSystemSynchronizedBuildFileExceptionSet */, D10003010000000000000001 /* PBXFileSystemSynchronizedBuildFileExceptionSet */, ); explicitFileTypes = {}; explicitFolders = (); path = Serif; sourceTree = "<group>"; };
		9E94A8F72F71F8DA0051E2A7 /* SerifNotificationService */ = {isa = PBXFileSystemSynchronizedRootGroup; exceptions = (9E94A9022F71F8DA0051E2A7 /* PBXFileSystemSynchronizedBuildFileExceptionSet */, ); explicitFileTypes = {}; explicitFolders = (); path = SerifNotificationService; sourceTree = "<group>"; };
/* End PBXFileSystemSynchronizedRootGroup section */

/* Begin PBXFrameworksBuildPhase section */
		9E94A8F32F71F8DA0051E2A7 /* Frameworks */ = {
			isa = PBXFrameworksBuildPhase;
			buildActionMask = 2147483647;
			files = (
			);
			runOnlyForDeploymentPostprocessing = 0;
		};
		A10003010000000000000001 /* Frameworks */ = {
			isa = PBXFrameworksBuildPhase;
			buildActionMask = 2147483647;
			files = (
				A10001010000000000000082 /* AppAuth in Frameworks */,
				A10001010000000000000102 /* Sparkle in Frameworks */,
				A10001010000000000000200 /* BlossomColorPicker in Frameworks */,
			);
			runOnlyForDeploymentPostprocessing = 0;
		};
		B10003010000000000000001 /* Frameworks */ = {
			isa = PBXFrameworksBuildPhase;
			buildActionMask = 2147483647;
			files = (
			);
			runOnlyForDeploymentPostprocessing = 0;
		};
		D10003010000000000000002 /* Frameworks */ = {
			isa = PBXFrameworksBuildPhase;
			buildActionMask = 2147483647;
			files = (
				9E94A6CB2F70ACF90051E2A7 /* FirebaseMessaging in Frameworks */,
				D10001010000000000000001 /* AppAuth in Frameworks */,
				D10001010000000000000002 /* BlossomColorPicker in Frameworks */,
				9E94A6C92F70ACF90051E2A7 /* FirebaseFirestore in Frameworks */,
			);
			runOnlyForDeploymentPostprocessing = 0;
		};
/* End PBXFrameworksBuildPhase section */

/* Begin PBXGroup section */
		A10004010000000000000001 = {
			isa = PBXGroup;
			children = (
				9E94A6D22F70ADA10051E2A7 /* Serif-iOS-Info.plist */,
				9E160AA62F60CC08004784BD /* Serif */,
				B10004010000000000000001 /* SerifTests */,
				9E94A8F72F71F8DA0051E2A7 /* SerifNotificationService */,
				A10004010000000000000099 /* Products */,
				9EBEBCE82F5B21B400145F71 /* serif_icon.icon */,
			);
			sourceTree = "<group>";
		};
		A10004010000000000000099 /* Products */ = {
			isa = PBXGroup;
			children = (
				A10002010000000000000099 /* Serif.app */,
				D10002010000000000000099 /* Serif iOS.app */,
				B10002010000000000000099 /* SerifTests.xctest */,
				9E94A8F62F71F8DA0051E2A7 /* SerifNotificationService.appex */,
			);
			name = Products;
			sourceTree = "<group>";
		};
		B10004010000000000000001 /* SerifTests */ = {
			isa = PBXGroup;
			children = (
				B10002010000000000000001 /* GmailModelsTests.swift */,
				B10002010000000000000002 /* EmailModelTests.swift */,
				B10002010000000000000003 /* GmailDataTransformerTests.swift */,
				B10002010000000000000004 /* StringExtensionsTests.swift */,
				B10002010000000000000005 /* ContentExtractorTests.swift */,
				B10002010000000000000006 /* TrackerBlockerTests.swift */,
				B10002010000000000000007 /* AppCoordinatorTests.swift */,
				B10002010000000000000008 /* LabelManagementTests.swift */,
				B10002010000000000000009 /* CPUMonitorTests.swift */,
				B1000201000000000000000A /* EmailActionCoordinatorTests.swift */,
				B1000201000000000000000B /* DraftLifecycleTests.swift */,
			);
			path = SerifTests;
			sourceTree = "<group>";
		};
/* End PBXGroup section */

/* Begin PBXNativeTarget section */
		9E94A8F52F71F8DA0051E2A7 /* SerifNotificationService */ = {
			isa = PBXNativeTarget;
			buildConfigurationList = 9E94A9012F71F8DA0051E2A7 /* Build configuration list for PBXNativeTarget "SerifNotificationService" */;
			buildPhases = (
				9E94A8F22F71F8DA0051E2A7 /* Sources */,
				9E94A8F32F71F8DA0051E2A7 /* Frameworks */,
				9E94A8F42F71F8DA0051E2A7 /* Resources */,
			);
			buildRules = (
			);
			dependencies = (
			);
			fileSystemSynchronizedGroups = (
				9E94A8F72F71F8DA0051E2A7 /* SerifNotificationService */,
			);
			name = SerifNotificationService;
			packageProductDependencies = (
			);
			productName = SerifNotificationService;
			productReference = 9E94A8F62F71F8DA0051E2A7 /* SerifNotificationService.appex */;
			productType = "com.apple.product-type.app-extension";
		};
		A10005010000000000000001 /* Serif */ = {
			isa = PBXNativeTarget;
			buildConfigurationList = A10007010000000000000001 /* Build configuration list for PBXNativeTarget "Serif" */;
			buildPhases = (
				A10006010000000000000001 /* Sources */,
				A10003010000000000000001 /* Frameworks */,
				A10006010000000000000002 /* Resources */,
			);
			buildRules = (
			);
			dependencies = (
			);
			fileSystemSynchronizedGroups = (
				9E160AA62F60CC08004784BD /* Serif */,
			);
			name = Serif;
			packageProductDependencies = (
				A10090010000000000000001 /* AppAuth */,
				A10090010000000000000002 /* Sparkle */,
				A10090010000000000000003 /* BlossomColorPicker */,
			);
			productName = Serif;
			productReference = A10002010000000000000099 /* Serif.app */;
			productType = "com.apple.product-type.application";
		};
		B10005010000000000000001 /* SerifTests */ = {
			isa = PBXNativeTarget;
			buildConfigurationList = B10007010000000000000001 /* Build configuration list for PBXNativeTarget "SerifTests" */;
			buildPhases = (
				B10006010000000000000001 /* Sources */,
				B10003010000000000000001 /* Frameworks */,
			);
			buildRules = (
			);
			dependencies = (
				B10005010000000000000002 /* PBXTargetDependency */,
			);
			name = SerifTests;
			productName = SerifTests;
			productReference = B10002010000000000000099 /* SerifTests.xctest */;
			productType = "com.apple.product-type.bundle.unit-test";
		};
		D10005010000000000000001 /* Serif iOS */ = {
			isa = PBXNativeTarget;
			buildConfigurationList = D10007010000000000000001 /* Build configuration list for PBXNativeTarget "Serif iOS" */;
			buildPhases = (
				D10006010000000000000001 /* Sources */,
				D10006010000000000000003 /* Resources */,
				D10003010000000000000002 /* Frameworks */,
				9E94A8FE2F71F8DA0051E2A7 /* Embed Foundation Extensions */,
			);
			buildRules = (
			);
			dependencies = (
				9E94A8FC2F71F8DA0051E2A7 /* PBXTargetDependency */,
			);
			fileSystemSynchronizedGroups = (
				9E160AA62F60CC08004784BD /* Serif */,
			);
			name = "Serif iOS";
			packageProductDependencies = (
				D10090010000000000000001 /* AppAuth */,
				D10090010000000000000002 /* BlossomColorPicker */,
				9E94A6C82F70ACF90051E2A7 /* FirebaseFirestore */,
				9E94A6CA2F70ACF90051E2A7 /* FirebaseMessaging */,
			);
			productName = "Serif iOS";
			productReference = D10002010000000000000099 /* Serif iOS.app */;
			productType = "com.apple.product-type.application";
		};
/* End PBXNativeTarget section */

/* Begin PBXProject section */
		A10008010000000000000001 /* Project object */ = {
			isa = PBXProject;
			attributes = {
				BuildIndependentTargetsInParallel = 1;
				LastSwiftUpdateCheck = 2620;
				LastUpgradeCheck = 2620;
				TargetAttributes = {
					9E94A8F52F71F8DA0051E2A7 = {
						CreatedOnToolsVersion = 26.2;
					};
					A10005010000000000000001 = {
						CreatedOnToolsVersion = 15.4;
					};
					B10005010000000000000001 = {
						CreatedOnToolsVersion = 15.4;
						TestTargetID = A10005010000000000000001;
					};
					D10005010000000000000001 = {
						CreatedOnToolsVersion = 15.4;
					};
				};
			};
			buildConfigurationList = A10007010000000000000002 /* Build configuration list for PBXProject "Serif" */;
			compatibilityVersion = "Xcode 14.0";
			developmentRegion = en;
			hasScannedForEncodings = 0;
			knownRegions = (
				en,
				Base,
			);
			mainGroup = A10004010000000000000001;
			packageReferences = (
				A10091010000000000000001 /* XCRemoteSwiftPackageReference "AppAuth-iOS" */,
				A10091010000000000000002 /* XCRemoteSwiftPackageReference "Sparkle" */,
				A10091010000000000000003 /* XCRemoteSwiftPackageReference "BlossomColorPicker" */,
				9E94A6C72F70ACF90051E2A7 /* XCRemoteSwiftPackageReference "firebase-ios-sdk" */,
			);
			productRefGroup = A10004010000000000000099 /* Products */;
			projectDirPath = "";
			projectRoot = "";
			targets = (
				A10005010000000000000001 /* Serif */,
				D10005010000000000000001 /* Serif iOS */,
				B10005010000000000000001 /* SerifTests */,
				9E94A8F52F71F8DA0051E2A7 /* SerifNotificationService */,
			);
		};
/* End PBXProject section */

/* Begin PBXResourcesBuildPhase section */
		9E94A8F42F71F8DA0051E2A7 /* Resources */ = {
			isa = PBXResourcesBuildPhase;
			buildActionMask = 2147483647;
			files = (
			);
			runOnlyForDeploymentPostprocessing = 0;
		};
		A10006010000000000000002 /* Resources */ = {
			isa = PBXResourcesBuildPhase;
			buildActionMask = 2147483647;
			files = (
				9EBEBCE92F5B21B400145F71 /* serif_icon.icon in Resources */,
			);
			runOnlyForDeploymentPostprocessing = 0;
		};
		D10006010000000000000003 /* Resources */ = {
			isa = PBXResourcesBuildPhase;
			buildActionMask = 2147483647;
			files = (
			);
			runOnlyForDeploymentPostprocessing = 0;
		};
/* End PBXResourcesBuildPhase section */

/* Begin PBXSourcesBuildPhase section */
		9E94A8F22F71F8DA0051E2A7 /* Sources */ = {
			isa = PBXSourcesBuildPhase;
			buildActionMask = 2147483647;
			files = (
			);
			runOnlyForDeploymentPostprocessing = 0;
		};
		A10006010000000000000001 /* Sources */ = {
			isa = PBXSourcesBuildPhase;
			buildActionMask = 2147483647;
			files = (
			);
			runOnlyForDeploymentPostprocessing = 0;
		};
		B10006010000000000000001 /* Sources */ = {
			isa = PBXSourcesBuildPhase;
			buildActionMask = 2147483647;
			files = (
				B10001010000000000000001 /* GmailModelsTests.swift in Sources */,
				B10001010000000000000002 /* EmailModelTests.swift in Sources */,
				B10001010000000000000003 /* GmailDataTransformerTests.swift in Sources */,
				B10001010000000000000004 /* StringExtensionsTests.swift in Sources */,
				B10001010000000000000005 /* ContentExtractorTests.swift in Sources */,
				B10001010000000000000006 /* TrackerBlockerTests.swift in Sources */,
				B10001010000000000000007 /* AppCoordinatorTests.swift in Sources */,
				B10001010000000000000008 /* LabelManagementTests.swift in Sources */,
				B10001010000000000000009 /* CPUMonitorTests.swift in Sources */,
				B1000101000000000000000A /* EmailActionCoordinatorTests.swift in Sources */,
				B1000101000000000000000B /* DraftLifecycleTests.swift in Sources */,
			);
			runOnlyForDeploymentPostprocessing = 0;
		};
		D10006010000000000000001 /* Sources */ = {
			isa = PBXSourcesBuildPhase;
			buildActionMask = 2147483647;
			files = (
			);
			runOnlyForDeploymentPostprocessing = 0;
		};
/* End PBXSourcesBuildPhase section */

/* Begin PBXTargetDependency section */
		9E94A8FC2F71F8DA0051E2A7 /* PBXTargetDependency */ = {
			isa = PBXTargetDependency;
			target = 9E94A8F52F71F8DA0051E2A7 /* SerifNotificationService */;
			targetProxy = 9E94A8FB2F71F8DA0051E2A7 /* PBXContainerItemProxy */;
		};
		B10005010000000000000002 /* PBXTargetDependency */ = {
			isa = PBXTargetDependency;
			target = A10005010000000000000001 /* Serif */;
			targetProxy = B10005010000000000000003 /* PBXContainerItemProxy */;
		};
/* End PBXTargetDependency section */

/* Begin XCBuildConfiguration section */
		9E94A8FF2F71F8DA0051E2A7 /* Debug */ = {
			isa = XCBuildConfiguration;
			buildSettings = {
				CODE_SIGN_IDENTITY = "Apple Development";
				CODE_SIGN_STYLE = Automatic;
				CURRENT_PROJECT_VERSION = 13;
				DEVELOPMENT_TEAM = QC35MT888M;
				GENERATE_INFOPLIST_FILE = YES;
				INFOPLIST_FILE = SerifNotificationService/Info.plist;
				INFOPLIST_KEY_CFBundleDisplayName = SerifNotificationService;
				INFOPLIST_KEY_NSHumanReadableCopyright = "";
				IPHONEOS_DEPLOYMENT_TARGET = 18.6;
				LD_RUNPATH_SEARCH_PATHS = (
					"$(inherited)",
					"@executable_path/Frameworks",
					"@executable_path/../../Frameworks",
				);
				LOCALIZATION_PREFERS_STRING_CATALOGS = YES;
				MARKETING_VERSION = 1.0;
				PRODUCT_BUNDLE_IDENTIFIER = com.genyus.serif.mobile.SerifNotificationService;
				PRODUCT_NAME = "$(TARGET_NAME)";
				SDKROOT = iphoneos;
				SKIP_INSTALL = YES;
				STRING_CATALOG_GENERATE_SYMBOLS = YES;
				SWIFT_APPROACHABLE_CONCURRENCY = YES;
				SWIFT_EMIT_LOC_STRINGS = YES;
				SWIFT_UPCOMING_FEATURE_MEMBER_IMPORT_VISIBILITY = YES;
				SWIFT_VERSION = 5.0;
				TARGETED_DEVICE_FAMILY = "1,2";
			};
			name = Debug;
		};
		9E94A9002F71F8DA0051E2A7 /* Release */ = {
			isa = XCBuildConfiguration;
			buildSettings = {
				CODE_SIGN_IDENTITY = "Apple Development";
				CODE_SIGN_STYLE = Automatic;
				CURRENT_PROJECT_VERSION = 13;
				DEVELOPMENT_TEAM = QC35MT888M;
				GENERATE_INFOPLIST_FILE = YES;
				INFOPLIST_FILE = SerifNotificationService/Info.plist;
				INFOPLIST_KEY_CFBundleDisplayName = SerifNotificationService;
				INFOPLIST_KEY_NSHumanReadableCopyright = "";
				IPHONEOS_DEPLOYMENT_TARGET = 18.6;
				LD_RUNPATH_SEARCH_PATHS = (
					"$(inherited)",
					"@executable_path/Frameworks",
					"@executable_path/../../Frameworks",
				);
				LOCALIZATION_PREFERS_STRING_CATALOGS = YES;
				MARKETING_VERSION = 1.0;
				PRODUCT_BUNDLE_IDENTIFIER = com.genyus.serif.mobile.SerifNotificationService;
				PRODUCT_NAME = "$(TARGET_NAME)";
				SDKROOT = iphoneos;
				SKIP_INSTALL = YES;
				STRING_CATALOG_GENERATE_SYMBOLS = YES;
				SWIFT_APPROACHABLE_CONCURRENCY = YES;
				SWIFT_EMIT_LOC_STRINGS = YES;
				SWIFT_UPCOMING_FEATURE_MEMBER_IMPORT_VISIBILITY = YES;
				SWIFT_VERSION = 5.0;
				TARGETED_DEVICE_FAMILY = "1,2";
				VALIDATE_PRODUCT = YES;
			};
			name = Release;
		};
		A10009010000000000000001 /* Debug */ = {
			isa = XCBuildConfiguration;
			buildSettings = {
				ALWAYS_SEARCH_USER_PATHS = NO;
				ASSETCATALOG_COMPILER_GENERATE_SWIFT_ASSET_SYMBOL_EXTENSIONS = YES;
				CLANG_ANALYZER_NONNULL = YES;
				CLANG_ANALYZER_NUMBER_OBJECT_CONVERSION = YES_AGGRESSIVE;
				CLANG_CXX_LANGUAGE_STANDARD = "gnu++20";
				CLANG_ENABLE_MODULES = YES;
				CLANG_ENABLE_OBJC_ARC = YES;
				CLANG_ENABLE_OBJC_WEAK = YES;
				CLANG_WARN_BLOCK_CAPTURE_AUTORELEASING = YES;
				CLANG_WARN_BOOL_CONVERSION = YES;
				CLANG_WARN_COMMA = YES;
				CLANG_WARN_CONSTANT_CONVERSION = YES;
				CLANG_WARN_DEPRECATED_OBJC_IMPLEMENTATIONS = YES;
				CLANG_WARN_DIRECT_OBJC_ISA_USAGE = YES_ERROR;
				CLANG_WARN_DOCUMENTATION_COMMENTS = YES;
				CLANG_WARN_EMPTY_BODY = YES;
				CLANG_WARN_ENUM_CONVERSION = YES;
				CLANG_WARN_INFINITE_RECURSION = YES;
				CLANG_WARN_INT_CONVERSION = YES;
				CLANG_WARN_NON_LITERAL_NULL_CONVERSION = YES;
				CLANG_WARN_OBJC_IMPLICIT_RETAIN_SELF = YES;
				CLANG_WARN_OBJC_LITERAL_CONVERSION = YES;
				CLANG_WARN_OBJC_ROOT_CLASS = YES_ERROR;
				CLANG_WARN_QUOTED_INCLUDE_IN_FRAMEWORK_HEADER = YES;
				CLANG_WARN_RANGE_LOOP_ANALYSIS = YES;
				CLANG_WARN_STRICT_PROTOTYPES = YES;
				CLANG_WARN_SUSPICIOUS_MOVE = YES;
				CLANG_WARN_UNGUARDED_AVAILABILITY = YES_AGGRESSIVE;
				CLANG_WARN_UNREACHABLE_CODE = YES;
				CLANG_WARN__DUPLICATE_METHOD_MATCH = YES;
				COPY_PHASE_STRIP = NO;
				DEAD_CODE_STRIPPING = YES;
				DEBUG_INFORMATION_FORMAT = dwarf;
				ENABLE_STRICT_OBJC_MSGSEND = YES;
				ENABLE_TESTABILITY = YES;
				ENABLE_USER_SCRIPT_SANDBOXING = YES;
				GCC_C_LANGUAGE_STANDARD = gnu17;
				GCC_DYNAMIC_NO_PIC = NO;
				GCC_NO_COMMON_BLOCKS = YES;
				GCC_OPTIMIZATION_LEVEL = 0;
				GCC_PREPROCESSOR_DEFINITIONS = (
					"DEBUG=1",
					"$(inherited)",
				);
				GCC_WARN_64_TO_32_BIT_CONVERSION = YES;
				GCC_WARN_ABOUT_RETURN_TYPE = YES_ERROR;
				GCC_WARN_UNDECLARED_SELECTOR = YES;
				GCC_WARN_UNINITIALIZED_AUTOS = YES_AGGRESSIVE;
				GCC_WARN_UNUSED_FUNCTION = YES;
				GCC_WARN_UNUSED_VARIABLE = YES;
				MACOSX_DEPLOYMENT_TARGET = 14.0;
				MTL_ENABLE_DEBUG_INFO = INCLUDE_SOURCE;
				MTL_FAST_MATH = YES;
				ONLY_ACTIVE_ARCH = YES;
				SDKROOT = macosx;
				STRING_CATALOG_GENERATE_SYMBOLS = YES;
				SWIFT_ACTIVE_COMPILATION_CONDITIONS = "DEBUG $(inherited)";
				SWIFT_OPTIMIZATION_LEVEL = "-Onone";
			};
			name = Debug;
		};
		A10009010000000000000002 /* Release */ = {
			isa = XCBuildConfiguration;
			buildSettings = {
				ALWAYS_SEARCH_USER_PATHS = NO;
				ASSETCATALOG_COMPILER_GENERATE_SWIFT_ASSET_SYMBOL_EXTENSIONS = YES;
				CLANG_ANALYZER_NONNULL = YES;
				CLANG_ANALYZER_NUMBER_OBJECT_CONVERSION = YES_AGGRESSIVE;
				CLANG_CXX_LANGUAGE_STANDARD = "gnu++20";
				CLANG_ENABLE_MODULES = YES;
				CLANG_ENABLE_OBJC_ARC = YES;
				CLANG_ENABLE_OBJC_WEAK = YES;
				CLANG_WARN_BLOCK_CAPTURE_AUTORELEASING = YES;
				CLANG_WARN_BOOL_CONVERSION = YES;
				CLANG_WARN_COMMA = YES;
				CLANG_WARN_CONSTANT_CONVERSION = YES;
				CLANG_WARN_DEPRECATED_OBJC_IMPLEMENTATIONS = YES;
				CLANG_WARN_DIRECT_OBJC_ISA_USAGE = YES_ERROR;
				CLANG_WARN_DOCUMENTATION_COMMENTS = YES;
				CLANG_WARN_EMPTY_BODY = YES;
				CLANG_WARN_ENUM_CONVERSION = YES;
				CLANG_WARN_INFINITE_RECURSION = YES;
				CLANG_WARN_INT_CONVERSION = YES;
				CLANG_WARN_NON_LITERAL_NULL_CONVERSION = YES;
				CLANG_WARN_OBJC_IMPLICIT_RETAIN_SELF = YES;
				CLANG_WARN_OBJC_LITERAL_CONVERSION = YES;
				CLANG_WARN_OBJC_ROOT_CLASS = YES_ERROR;
				CLANG_WARN_QUOTED_INCLUDE_IN_FRAMEWORK_HEADER = YES;
				CLANG_WARN_RANGE_LOOP_ANALYSIS = YES;
				CLANG_WARN_STRICT_PROTOTYPES = YES;
				CLANG_WARN_SUSPICIOUS_MOVE = YES;
				CLANG_WARN_UNGUARDED_AVAILABILITY = YES_AGGRESSIVE;
				CLANG_WARN_UNREACHABLE_CODE = YES;
				CLANG_WARN__DUPLICATE_METHOD_MATCH = YES;
				COPY_PHASE_STRIP = NO;
				DEAD_CODE_STRIPPING = YES;
				DEBUG_INFORMATION_FORMAT = "dwarf-with-dsym";
				ENABLE_NS_ASSERTIONS = NO;
				ENABLE_STRICT_OBJC_MSGSEND = YES;
				ENABLE_USER_SCRIPT_SANDBOXING = YES;
				GCC_C_LANGUAGE_STANDARD = gnu17;
				GCC_NO_COMMON_BLOCKS = YES;
				GCC_WARN_64_TO_32_BIT_CONVERSION = YES;
				GCC_WARN_ABOUT_RETURN_TYPE = YES_ERROR;
				GCC_WARN_UNDECLARED_SELECTOR = YES;
				GCC_WARN_UNINITIALIZED_AUTOS = YES_AGGRESSIVE;
				GCC_WARN_UNUSED_FUNCTION = YES;
				GCC_WARN_UNUSED_VARIABLE = YES;
				MACOSX_DEPLOYMENT_TARGET = 14.0;
				MTL_ENABLE_DEBUG_INFO = NO;
				MTL_FAST_MATH = YES;
				SDKROOT = macosx;
				STRING_CATALOG_GENERATE_SYMBOLS = YES;
				SWIFT_COMPILATION_MODE = wholemodule;
			};
			name = Release;
		};
		A10009010000000000000003 /* Debug */ = {
			isa = XCBuildConfiguration;
			buildSettings = {
				ASSETCATALOG_COMPILER_APPICON_NAME = AppIcon;
				ASSETCATALOG_COMPILER_GLOBAL_ACCENT_COLOR_NAME = AccentColor;
				ASSETCATALOG_COMPILER_INCLUDE_ALL_APPICON_ASSETS = YES;
				CODE_SIGN_ENTITLEMENTS = Serif/Resources/macOS/Serif.entitlements;
				"CODE_SIGN_IDENTITY[sdk=macosx*]" = "Apple Development";
				CODE_SIGN_STYLE = Automatic;
				COMBINE_HIDPI_IMAGES = YES;
				CURRENT_PROJECT_VERSION = 13;
				DEAD_CODE_STRIPPING = YES;
				DEVELOPMENT_ASSET_PATHS = "";
				DEVELOPMENT_TEAM = QC35MT888M;
				ENABLE_APP_SANDBOX = YES;
				ENABLE_INCOMING_NETWORK_CONNECTIONS = YES;
				ENABLE_OUTGOING_NETWORK_CONNECTIONS = YES;
				ENABLE_PREVIEWS = YES;
				ENABLE_RESOURCE_ACCESS_PRINTING = YES;
				ENABLE_USER_SELECTED_FILES = readwrite;
				GENERATE_INFOPLIST_FILE = YES;
				INFOPLIST_FILE = Serif/Info.plist;
				INFOPLIST_KEY_LSApplicationCategoryType = "public.app-category.productivity";
				INFOPLIST_KEY_NSHumanReadableCopyright = "";
				LD_RUNPATH_SEARCH_PATHS = (
					"$(inherited)",
					"@executable_path/../Frameworks",
				);
				MARKETING_VERSION = 1.1.6;
				PRODUCT_BUNDLE_IDENTIFIER = com.genyus.serif.app;
				PRODUCT_NAME = "$(TARGET_NAME)";
				REGISTER_APP_GROUPS = YES;
				SWIFT_EMIT_LOC_STRINGS = YES;
				SWIFT_VERSION = 5.0;
			};
			name = Debug;
		};
		A10009010000000000000004 /* Release */ = {
			isa = XCBuildConfiguration;
			buildSettings = {
				ASSETCATALOG_COMPILER_APPICON_NAME = AppIcon;
				ASSETCATALOG_COMPILER_GLOBAL_ACCENT_COLOR_NAME = AccentColor;
				ASSETCATALOG_COMPILER_INCLUDE_ALL_APPICON_ASSETS = YES;
				CODE_SIGN_ENTITLEMENTS = Serif/Resources/macOS/Serif.entitlements;
				"CODE_SIGN_IDENTITY[sdk=macosx*]" = "Apple Development";
				CODE_SIGN_STYLE = Automatic;
				COMBINE_HIDPI_IMAGES = YES;
				CURRENT_PROJECT_VERSION = 13;
				DEAD_CODE_STRIPPING = YES;
				DEVELOPMENT_ASSET_PATHS = "";
				DEVELOPMENT_TEAM = QC35MT888M;
				ENABLE_APP_SANDBOX = YES;
				ENABLE_INCOMING_NETWORK_CONNECTIONS = YES;
				ENABLE_OUTGOING_NETWORK_CONNECTIONS = YES;
				ENABLE_PREVIEWS = YES;
				ENABLE_RESOURCE_ACCESS_PRINTING = YES;
				ENABLE_USER_SELECTED_FILES = readwrite;
				GENERATE_INFOPLIST_FILE = YES;
				INFOPLIST_FILE = Serif/Info.plist;
				INFOPLIST_KEY_LSApplicationCategoryType = "public.app-category.productivity";
				INFOPLIST_KEY_NSHumanReadableCopyright = "";
				LD_RUNPATH_SEARCH_PATHS = (
					"$(inherited)",
					"@executable_path/../Frameworks",
				);
				MARKETING_VERSION = 1.1.6;
				PRODUCT_BUNDLE_IDENTIFIER = com.genyus.serif.app;
				PRODUCT_NAME = "$(TARGET_NAME)";
				REGISTER_APP_GROUPS = YES;
				SWIFT_EMIT_LOC_STRINGS = YES;
				SWIFT_VERSION = 5.0;
			};
			name = Release;
		};
		B10009010000000000000001 /* Debug */ = {
			isa = XCBuildConfiguration;
			buildSettings = {
				BUNDLE_LOADER = "$(TEST_HOST)";
				CODE_SIGN_STYLE = Automatic;
				CURRENT_PROJECT_VERSION = 1;
				DEAD_CODE_STRIPPING = YES;
				GENERATE_INFOPLIST_FILE = YES;
				MACOSX_DEPLOYMENT_TARGET = 14.0;
				MARKETING_VERSION = 1.0;
				PRODUCT_BUNDLE_IDENTIFIER = com.genyus.serif.app.tests;
				PRODUCT_NAME = "$(TARGET_NAME)";
				SWIFT_EMIT_LOC_STRINGS = NO;
				SWIFT_VERSION = 5.0;
				TEST_HOST = "$(BUILT_PRODUCTS_DIR)/Serif.app/$(BUNDLE_EXECUTABLE_FOLDER_PATH)/Serif";
			};
			name = Debug;
		};
		B10009010000000000000002 /* Release */ = {
			isa = XCBuildConfiguration;
			buildSettings = {
				BUNDLE_LOADER = "$(TEST_HOST)";
				CODE_SIGN_STYLE = Automatic;
				CURRENT_PROJECT_VERSION = 1;
				DEAD_CODE_STRIPPING = YES;
				GENERATE_INFOPLIST_FILE = YES;
				MACOSX_DEPLOYMENT_TARGET = 14.0;
				MARKETING_VERSION = 1.0;
				PRODUCT_BUNDLE_IDENTIFIER = com.genyus.serif.app.tests;
				PRODUCT_NAME = "$(TARGET_NAME)";
				SWIFT_EMIT_LOC_STRINGS = NO;
				SWIFT_VERSION = 5.0;
				TEST_HOST = "$(BUILT_PRODUCTS_DIR)/Serif.app/$(BUNDLE_EXECUTABLE_FOLDER_PATH)/Serif";
			};
			name = Release;
		};
		D10009010000000000000001 /* Debug */ = {
			isa = XCBuildConfiguration;
			buildSettings = {
				ASSETCATALOG_COMPILER_APPICON_NAME = AppIcon;
				ASSETCATALOG_COMPILER_GLOBAL_ACCENT_COLOR_NAME = AccentColor;
				ASSETCATALOG_COMPILER_INCLUDE_ALL_APPICON_ASSETS = YES;
				CODE_SIGN_ENTITLEMENTS = "Serif/Resources/iOS/Serif iOS.entitlements";
				CODE_SIGN_IDENTITY = "Apple Development";
				CODE_SIGN_STYLE = Automatic;
				CURRENT_PROJECT_VERSION = 13;
				DEVELOPMENT_TEAM = QC35MT888M;
				GENERATE_INFOPLIST_FILE = YES;
				INFOPLIST_FILE = "Serif-iOS-Info.plist";
				INFOPLIST_KEY_CFBundleDisplayName = Serif;
				INFOPLIST_KEY_LSApplicationCategoryType = "public.app-category.productivity";
				INFOPLIST_KEY_UILaunchScreen_Generation = YES;
				INFOPLIST_KEY_UILaunchScreen_ImageName = SerifLogo;
				INFOPLIST_KEY_UILaunchScreen_ImageRespectsSafeAreaInsets = YES;
				INFOPLIST_KEY_UISupportedInterfaceOrientations_iPad = "UIInterfaceOrientationPortrait UIInterfaceOrientationPortraitUpsideDown UIInterfaceOrientationLandscapeLeft UIInterfaceOrientationLandscapeRight";
				INFOPLIST_KEY_UISupportedInterfaceOrientations_iPhone = "UIInterfaceOrientationPortrait UIInterfaceOrientationLandscapeLeft UIInterfaceOrientationLandscapeRight";
				IPHONEOS_DEPLOYMENT_TARGET = 18.0;
				MARKETING_VERSION = 1.0.0;
				PRODUCT_BUNDLE_IDENTIFIER = com.genyus.serif.mobile;
				PRODUCT_NAME = "$(TARGET_NAME)";
				PROVISIONING_PROFILE_SPECIFIER = "";
				SDKROOT = iphoneos;
				SUPPORTED_PLATFORMS = "iphoneos iphonesimulator";
				SUPPORTS_MACCATALYST = NO;
				SUPPORTS_MAC_DESIGNED_FOR_IPHONE_IPAD = NO;
				SWIFT_EMIT_LOC_STRINGS = YES;
				SWIFT_VERSION = 5.0;
				TARGETED_DEVICE_FAMILY = "1,2";
			};
			name = Debug;
		};
		D10009010000000000000002 /* Release */ = {
			isa = XCBuildConfiguration;
			buildSettings = {
				ASSETCATALOG_COMPILER_APPICON_NAME = AppIcon;
				ASSETCATALOG_COMPILER_GLOBAL_ACCENT_COLOR_NAME = AccentColor;
				ASSETCATALOG_COMPILER_INCLUDE_ALL_APPICON_ASSETS = YES;
				CODE_SIGN_ENTITLEMENTS = "Serif/Resources/iOS/Serif iOS.entitlements";
				CODE_SIGN_IDENTITY = "Apple Development";
				CODE_SIGN_STYLE = Automatic;
				CURRENT_PROJECT_VERSION = 13;
				DEVELOPMENT_TEAM = QC35MT888M;
				GENERATE_INFOPLIST_FILE = YES;
				INFOPLIST_FILE = "Serif-iOS-Info.plist";
				INFOPLIST_KEY_CFBundleDisplayName = Serif;
				INFOPLIST_KEY_LSApplicationCategoryType = "public.app-category.productivity";
				INFOPLIST_KEY_UILaunchScreen_Generation = YES;
				INFOPLIST_KEY_UILaunchScreen_ImageName = SerifLogo;
				INFOPLIST_KEY_UILaunchScreen_ImageRespectsSafeAreaInsets = YES;
				INFOPLIST_KEY_UISupportedInterfaceOrientations_iPad = "UIInterfaceOrientationPortrait UIInterfaceOrientationPortraitUpsideDown UIInterfaceOrientationLandscapeLeft UIInterfaceOrientationLandscapeRight";
				INFOPLIST_KEY_UISupportedInterfaceOrientations_iPhone = "UIInterfaceOrientationPortrait UIInterfaceOrientationLandscapeLeft UIInterfaceOrientationLandscapeRight";
				IPHONEOS_DEPLOYMENT_TARGET = 18.0;
				MARKETING_VERSION = 1.0.0;
				PRODUCT_BUNDLE_IDENTIFIER = com.genyus.serif.mobile;
				PRODUCT_NAME = "$(TARGET_NAME)";
				PROVISIONING_PROFILE_SPECIFIER = "";
				SDKROOT = iphoneos;
				SUPPORTED_PLATFORMS = "iphoneos iphonesimulator";
				SUPPORTS_MACCATALYST = NO;
				SUPPORTS_MAC_DESIGNED_FOR_IPHONE_IPAD = NO;
				SWIFT_EMIT_LOC_STRINGS = YES;
				SWIFT_VERSION = 5.0;
				TARGETED_DEVICE_FAMILY = "1,2";
			};
			name = Release;
		};
/* End XCBuildConfiguration section */

/* Begin XCConfigurationList section */
		9E94A9012F71F8DA0051E2A7 /* Build configuration list for PBXNativeTarget "SerifNotificationService" */ = {
			isa = XCConfigurationList;
			buildConfigurations = (
				9E94A8FF2F71F8DA0051E2A7 /* Debug */,
				9E94A9002F71F8DA0051E2A7 /* Release */,
			);
			defaultConfigurationIsVisible = 0;
			defaultConfigurationName = Release;
		};
		A10007010000000000000001 /* Build configuration list for PBXNativeTarget "Serif" */ = {
			isa = XCConfigurationList;
			buildConfigurations = (
				A10009010000000000000003 /* Debug */,
				A10009010000000000000004 /* Release */,
			);
			defaultConfigurationIsVisible = 0;
			defaultConfigurationName = Release;
		};
		A10007010000000000000002 /* Build configuration list for PBXProject "Serif" */ = {
			isa = XCConfigurationList;
			buildConfigurations = (
				A10009010000000000000001 /* Debug */,
				A10009010000000000000002 /* Release */,
			);
			defaultConfigurationIsVisible = 0;
			defaultConfigurationName = Release;
		};
		B10007010000000000000001 /* Build configuration list for PBXNativeTarget "SerifTests" */ = {
			isa = XCConfigurationList;
			buildConfigurations = (
				B10009010000000000000001 /* Debug */,
				B10009010000000000000002 /* Release */,
			);
			defaultConfigurationIsVisible = 0;
			defaultConfigurationName = Release;
		};
		D10007010000000000000001 /* Build configuration list for PBXNativeTarget "Serif iOS" */ = {
			isa = XCConfigurationList;
			buildConfigurations = (
				D10009010000000000000001 /* Debug */,
				D10009010000000000000002 /* Release */,
			);
			defaultConfigurationIsVisible = 0;
			defaultConfigurationName = Release;
		};
/* End XCConfigurationList section */

/* Begin XCRemoteSwiftPackageReference section */
		9E94A6C72F70ACF90051E2A7 /* XCRemoteSwiftPackageReference "firebase-ios-sdk" */ = {
			isa = XCRemoteSwiftPackageReference;
			repositoryURL = "https://github.com/firebase/firebase-ios-sdk";
			requirement = {
				kind = upToNextMajorVersion;
				minimumVersion = 12.11.0;
			};
		};
		A10091010000000000000001 /* XCRemoteSwiftPackageReference "AppAuth-iOS" */ = {
			isa = XCRemoteSwiftPackageReference;
			repositoryURL = "https://github.com/openid/AppAuth-iOS";
			requirement = {
				kind = upToNextMajorVersion;
				minimumVersion = 1.7.5;
			};
		};
		A10091010000000000000002 /* XCRemoteSwiftPackageReference "Sparkle" */ = {
			isa = XCRemoteSwiftPackageReference;
			repositoryURL = "https://github.com/sparkle-project/Sparkle";
			requirement = {
				kind = upToNextMajorVersion;
				minimumVersion = 2.6.4;
			};
		};
		A10091010000000000000003 /* XCRemoteSwiftPackageReference "BlossomColorPicker" */ = {
			isa = XCRemoteSwiftPackageReference;
			repositoryURL = "https://github.com/Lakr233/BlossomColorPicker";
			requirement = {
				kind = upToNextMajorVersion;
				minimumVersion = 1.0.0;
			};
		};
/* End XCRemoteSwiftPackageReference section */

/* Begin XCSwiftPackageProductDependency section */
		9E94A6C82F70ACF90051E2A7 /* FirebaseFirestore */ = {
			isa = XCSwiftPackageProductDependency;
			package = 9E94A6C72F70ACF90051E2A7 /* XCRemoteSwiftPackageReference "firebase-ios-sdk" */;
			productName = FirebaseFirestore;
		};
		9E94A6CA2F70ACF90051E2A7 /* FirebaseMessaging */ = {
			isa = XCSwiftPackageProductDependency;
			package = 9E94A6C72F70ACF90051E2A7 /* XCRemoteSwiftPackageReference "firebase-ios-sdk" */;
			productName = FirebaseMessaging;
		};
		A10090010000000000000001 /* AppAuth */ = {
			isa = XCSwiftPackageProductDependency;
			package = A10091010000000000000001 /* XCRemoteSwiftPackageReference "AppAuth-iOS" */;
			productName = AppAuth;
		};
		A10090010000000000000002 /* Sparkle */ = {
			isa = XCSwiftPackageProductDependency;
			package = A10091010000000000000002 /* XCRemoteSwiftPackageReference "Sparkle" */;
			productName = Sparkle;
		};
		A10090010000000000000003 /* BlossomColorPicker */ = {
			isa = XCSwiftPackageProductDependency;
			package = A10091010000000000000003 /* XCRemoteSwiftPackageReference "BlossomColorPicker" */;
			productName = BlossomColorPicker;
		};
		D10090010000000000000001 /* AppAuth */ = {
			isa = XCSwiftPackageProductDependency;
			package = A10091010000000000000001 /* XCRemoteSwiftPackageReference "AppAuth-iOS" */;
			productName = AppAuth;
		};
		D10090010000000000000002 /* BlossomColorPicker */ = {
			isa = XCSwiftPackageProductDependency;
			package = A10091010000000000000003 /* XCRemoteSwiftPackageReference "BlossomColorPicker" */;
			productName = BlossomColorPicker;
		};
/* End XCSwiftPackageProductDependency section */
	};
	rootObject = A10008010000000000000001 /* Project object */;
}
