{
  "originHash" : "c8e99f76e03eeb0ad59e3ced67cb616b8d664adf4d739454a58acbdd8c4ea275",
  "pins" : [
    {
      "identity" : "appauth-ios",
      "kind" : "remoteSourceControl",
      "location" : "https://github.com/openid/AppAuth-iOS",
      "state" : {
        "revision" : "2781038865a80e2c425a1da12cc1327bcd56501f",
        "version" : "1.7.6"
      }
    },
    {
      "identity" : "blossomcolorpicker",
      "kind" : "remoteSourceControl",
      "location" : "https://github.com/Lakr233/BlossomColorPicker",
      "state" : {
        "revision" : "51be6fa6f6edca84b5f48c6a97566b9456c6e052",
        "version" : "1.0.0"
      }
    },
    {
      "identity" : "sparkle",
      "kind" : "remoteSourceControl",
      "location" : "https://github.com/sparkle-project/Sparkle",
      "state" : {
        "revision" : "21d8df80440b1ca3b65fa82e40782f1e5a9e6ba2",
        "version" : "2.9.0"
      }
    }
  ],
  "version" : 3
}
